
Microsoft Visual Studio Solution File, Format Version 12.00
# Visual Studio Version 17
VisualStudioVersion = 17.8.34316.72
MinimumVisualStudioVersion = 10.0.40219.1
Project("{FAE04EC0-301F-11D3-BF4B-00C04F79EFBC}") = "ConsoleApp20", "ConsoleApp20\ConsoleApp20.csproj", "{4245D691-000C-484C-86CE-F71A92285DDA}"
EndProject
Global
	GlobalSection(SolutionConfigurationPlatforms) = preSolution
		Debug|Any CPU = Debug|Any CPU
		Release|Any CPU = Release|Any CPU
	EndGlobalSection
	GlobalSection(ProjectConfigurationPlatforms) = postSolution
		{4245D691-000C-484C-86CE-F71A92285DDA}.Debug|Any CPU.ActiveCfg = Debug|Any CPU
		{4245D691-000C-484C-86CE-F71A92285DDA}.Debug|Any CPU.Build.0 = Debug|Any CPU
		{4245D691-000C-484C-86CE-F71A92285DDA}.Release|Any CPU.ActiveCfg = Release|Any CPU
		{4245D691-000C-484C-86CE-F71A92285DDA}.Release|Any CPU.Build.0 = Release|Any CPU
	EndGlobalSection
	GlobalSection(SolutionProperties) = preSolution
		HideSolutionNode = FALSE
	EndGlobalSection
	GlobalSection(ExtensibilityGlobals) = postSolution
		SolutionGuid = {41AF69F9-4369-4551-9C1E-8D0680236822}
	EndGlobalSection
EndGlobal
